
Microsoft Visual Studio Solution File, Format Version 12.00
# Visual Studio Version 17
VisualStudioVersion = 17.13.35825.156 d17.13
MinimumVisualStudioVersion = 10.0.40219.1
Project("{FAE04EC0-301F-11D3-BF4B-00C04F79EFBC}") = "MyShopWebAPI", "MyShopWebAPI\MyShopWebAPI.csproj", "{B2148D58-6823-46DA-86CA-E371D04E35CD}"
EndProject
Global
	GlobalSection(SolutionConfigurationPlatforms) = preSolution
		Debug|Any CPU = Debug|Any CPU
		Release|Any CPU = Release|Any CPU
	EndGlobalSection
	GlobalSection(ProjectConfigurationPlatforms) = postSolution
		{B2148D58-6823-46DA-86CA-E371D04E35CD}.Debug|Any CPU.ActiveCfg = Debug|Any CPU
		{B2148D58-6823-46DA-86CA-E371D04E35CD}.Debug|Any CPU.Build.0 = Debug|Any CPU
		{B2148D58-6823-46DA-86CA-E371D04E35CD}.Release|Any CPU.ActiveCfg = Release|Any CPU
		{B2148D58-6823-46DA-86CA-E371D04E35CD}.Release|Any CPU.Build.0 = Release|Any CPU
	EndGlobalSection
	GlobalSection(SolutionProperties) = preSolution
		HideSolutionNode = FALSE
	EndGlobalSection
	GlobalSection(ExtensibilityGlobals) = postSolution
		SolutionGuid = {929B32B7-112E-443B-881A-20F2BE7B052F}
	EndGlobalSection
EndGlobal
